// !$*UTF8*$!
{
	archiveVersion = 1;
	classes = {
	};
	objectVersion = 46;
	objects = {

/* Begin PBXBuildFile section */
		EC0518931B20E7AC00FA6DA4 /* AppDelegate.swift in Sources */ = {isa = PBXBuildFile; fileRef = EC0518921B20E7AC00FA6DA4 /* AppDelegate.swift */; };
		EC0518961B20E7AC00FA6DA4 /* Cinne.xcdatamodeld in Sources */ = {isa = PBXBuildFile; fileRef = EC0518941B20E7AC00FA6DA4 /* Cinne.xcdatamodeld */; };
		EC05189D1B20E7AC00FA6DA4 /* Images.xcassets in Resources */ = {isa = PBXBuildFile; fileRef = EC05189C1B20E7AC00FA6DA4 /* Images.xcassets */; };
		EC0518AC1B20E7AC00FA6DA4 /* CinneTests.swift in Sources */ = {isa = PBXBuildFile; fileRef = EC0518AB1B20E7AC00FA6DA4 /* CinneTests.swift */; };
		EC07CD4E1B4B89180074654F /* NearbyTableViewController.swift in Sources */ = {isa = PBXBuildFile; fileRef = EC07CD4B1B4B89180074654F /* NearbyTableViewController.swift */; };
		EC07CD4F1B4B89180074654F /* NearestTheaterTableViewCell.swift in Sources */ = {isa = PBXBuildFile; fileRef = EC07CD4D1B4B89180074654F /* NearestTheaterTableViewCell.swift */; };
		EC07CD511B4B89D50074654F /* PosterCollectionViewCell.swift in Sources */ = {isa = PBXBuildFile; fileRef = EC07CD501B4B89D50074654F /* PosterCollectionViewCell.swift */; };
		EC07CD521B4B8B8D0074654F /* Main.storyboard in Resources */ = {isa = PBXBuildFile; fileRef = EC0518991B20E7AC00FA6DA4 /* Main.storyboard */; };
		EC07CD531B4B8B8D0074654F /* LaunchScreen.xib in Resources */ = {isa = PBXBuildFile; fileRef = EC05189E1B20E7AC00FA6DA4 /* LaunchScreen.xib */; };
		EC07CD551B4B8F090074654F /* TheaterTableViewCell.swift in Sources */ = {isa = PBXBuildFile; fileRef = EC07CD541B4B8F090074654F /* TheaterTableViewCell.swift */; };
		EC353F921B471D98000A34C5 /* the-theory-of-everything.png in Resources */ = {isa = PBXBuildFile; fileRef = EC353F911B471D98000A34C5 /* the-theory-of-everything.png */; };
/* End PBXBuildFile section */

/* Begin PBXContainerItemProxy section */
		EC0518A61B20E7AC00FA6DA4 /* PBXContainerItemProxy */ = {
			isa = PBXContainerItemProxy;
			containerPortal = EC0518851B20E7AC00FA6DA4 /* Project object */;
			proxyType = 1;
			remoteGlobalIDString = EC05188C1B20E7AC00FA6DA4;
			remoteInfo = Cinne;
		};
/* End PBXContainerItemProxy section */

/* Begin PBXFileReference section */
		EC05188D1B20E7AC00FA6DA4 /* Cinne.app */ = {isa = PBXFileReference; explicitFileType = wrapper.application; includeInIndex = 0; path = Cinne.app; sourceTree = BUILT_PRODUCTS_DIR; };
		EC0518911B20E7AC00FA6DA4 /* Info.plist */ = {isa = PBXFileReference; lastKnownFileType = text.plist.xml; path = Info.plist; sourceTree = "<group>"; };
		EC0518921B20E7AC00FA6DA4 /* AppDelegate.swift */ = {isa = PBXFileReference; lastKnownFileType = sourcecode.swift; path = AppDelegate.swift; sourceTree = "<group>"; };
		EC0518951B20E7AC00FA6DA4 /* Cinne.xcdatamodel */ = {isa = PBXFileReference; lastKnownFileType = wrapper.xcdatamodel; path = Cinne.xcdatamodel; sourceTree = "<group>"; };
		EC05189A1B20E7AC00FA6DA4 /* Base */ = {isa = PBXFileReference; lastKnownFileType = file.storyboard; name = Base; path = Base.lproj/Main.storyboard; sourceTree = "<group>"; };
		EC05189C1B20E7AC00FA6DA4 /* Images.xcassets */ = {isa = PBXFileReference; lastKnownFileType = folder.assetcatalog; path = Images.xcassets; sourceTree = "<group>"; };
		EC05189F1B20E7AC00FA6DA4 /* Base */ = {isa = PBXFileReference; lastKnownFileType = file.xib; name = Base; path = Base.lproj/LaunchScreen.xib; sourceTree = "<group>"; };
		EC0518A51B20E7AC00FA6DA4 /* CinneTests.xctest */ = {isa = PBXFileReference; explicitFileType = wrapper.cfbundle; includeInIndex = 0; path = CinneTests.xctest; sourceTree = BUILT_PRODUCTS_DIR; };
		EC0518AA1B20E7AC00FA6DA4 /* Info.plist */ = {isa = PBXFileReference; lastKnownFileType = text.plist.xml; path = Info.plist; sourceTree = "<group>"; };
		EC0518AB1B20E7AC00FA6DA4 /* CinneTests.swift */ = {isa = PBXFileReference; lastKnownFileType = sourcecode.swift; path = CinneTests.swift; sourceTree = "<group>"; };
		EC07CD4B1B4B89180074654F /* NearbyTableViewController.swift */ = {isa = PBXFileReference; fileEncoding = 4; lastKnownFileType = sourcecode.swift; path = NearbyTableViewController.swift; sourceTree = "<group>"; };
		EC07CD4D1B4B89180074654F /* NearestTheaterTableViewCell.swift */ = {isa = PBXFileReference; fileEncoding = 4; lastKnownFileType = sourcecode.swift; path = NearestTheaterTableViewCell.swift; sourceTree = "<group>"; };
		EC07CD501B4B89D50074654F /* PosterCollectionViewCell.swift */ = {isa = PBXFileReference; fileEncoding = 4; lastKnownFileType = sourcecode.swift; path = PosterCollectionViewCell.swift; sourceTree = "<group>"; };
		EC07CD541B4B8F090074654F /* TheaterTableViewCell.swift */ = {isa = PBXFileReference; fileEncoding = 4; lastKnownFileType = sourcecode.swift; path = TheaterTableViewCell.swift; sourceTree = "<group>"; };
		EC353F911B471D98000A34C5 /* the-theory-of-everything.png */ = {isa = PBXFileReference; lastKnownFileType = image.png; path = "the-theory-of-everything.png"; sourceTree = "<group>"; };
/* End PBXFileReference section */

/* Begin PBXFrameworksBuildPhase section */
		EC05188A1B20E7AC00FA6DA4 /* Frameworks */ = {
			isa = PBXFrameworksBuildPhase;
			buildActionMask = 2147483647;
			files = (
			);
			runOnlyForDeploymentPostprocessing = 0;
		};
		EC0518A21B20E7AC00FA6DA4 /* Frameworks */ = {
			isa = PBXFrameworksBuildPhase;
			buildActionMask = 2147483647;
			files = (
			);
			runOnlyForDeploymentPostprocessing = 0;
		};
/* End PBXFrameworksBuildPhase section */

/* Begin PBXGroup section */
		EC0518841B20E7AC00FA6DA4 = {
			isa = PBXGroup;
			children = (
				EC05188F1B20E7AC00FA6DA4 /* Cinne */,
				EC0518A81B20E7AC00FA6DA4 /* CinneTests */,
				EC05188E1B20E7AC00FA6DA4 /* Products */,
			);
			sourceTree = "<group>";
		};
		EC05188E1B20E7AC00FA6DA4 /* Products */ = {
			isa = PBXGroup;
			children = (
				EC05188D1B20E7AC00FA6DA4 /* Cinne.app */,
				EC0518A51B20E7AC00FA6DA4 /* CinneTests.xctest */,
			);
			name = Products;
			sourceTree = "<group>";
		};
		EC05188F1B20E7AC00FA6DA4 /* Cinne */ = {
			isa = PBXGroup;
			children = (
				EC07CD4A1B4B89180074654F /* Controllers */,
				EC07CD4C1B4B89180074654F /* Views */,
				EC0518921B20E7AC00FA6DA4 /* AppDelegate.swift */,
				EC0518991B20E7AC00FA6DA4 /* Main.storyboard */,
				EC05189C1B20E7AC00FA6DA4 /* Images.xcassets */,
				EC05189E1B20E7AC00FA6DA4 /* LaunchScreen.xib */,
				EC0518941B20E7AC00FA6DA4 /* Cinne.xcdatamodeld */,
				EC0518901B20E7AC00FA6DA4 /* Supporting Files */,
			);
			path = Cinne;
			sourceTree = "<group>";
		};
		EC0518901B20E7AC00FA6DA4 /* Supporting Files */ = {
			isa = PBXGroup;
			children = (
				EC353F911B471D98000A34C5 /* the-theory-of-everything.png */,
				EC0518911B20E7AC00FA6DA4 /* Info.plist */,
			);
			name = "Supporting Files";
			sourceTree = "<group>";
		};
		EC0518A81B20E7AC00FA6DA4 /* CinneTests */ = {
			isa = PBXGroup;
			children = (
				EC0518AB1B20E7AC00FA6DA4 /* CinneTests.swift */,
				EC0518A91B20E7AC00FA6DA4 /* Supporting Files */,
			);
			path = CinneTests;
			sourceTree = "<group>";
		};
		EC0518A91B20E7AC00FA6DA4 /* Supporting Files */ = {
			isa = PBXGroup;
			children = (
				EC0518AA1B20E7AC00FA6DA4 /* Info.plist */,
			);
			name = "Supporting Files";
			sourceTree = "<group>";
		};
		EC07CD4A1B4B89180074654F /* Controllers */ = {
			isa = PBXGroup;
			children = (
				EC07CD4B1B4B89180074654F /* NearbyTableViewController.swift */,
			);
			path = Controllers;
			sourceTree = "<group>";
		};
		EC07CD4C1B4B89180074654F /* Views */ = {
			isa = PBXGroup;
			children = (
				EC07CD4D1B4B89180074654F /* NearestTheaterTableViewCell.swift */,
				EC07CD501B4B89D50074654F /* PosterCollectionViewCell.swift */,
				EC07CD541B4B8F090074654F /* TheaterTableViewCell.swift */,
			);
			path = Views;
			sourceTree = "<group>";
		};
/* End PBXGroup section */

/* Begin PBXNativeTarget section */
		EC05188C1B20E7AC00FA6DA4 /* Cinne */ = {
			isa = PBXNativeTarget;
			buildConfigurationList = EC0518AF1B20E7AC00FA6DA4 /* Build configuration list for PBXNativeTarget "Cinne" */;
			buildPhases = (
				EC0518891B20E7AC00FA6DA4 /* Sources */,
				EC05188A1B20E7AC00FA6DA4 /* Frameworks */,
				EC05188B1B20E7AC00FA6DA4 /* Resources */,
			);
			buildRules = (
			);
			dependencies = (
			);
			name = Cinne;
			productName = Cinne;
			productReference = EC05188D1B20E7AC00FA6DA4 /* Cinne.app */;
			productType = "com.apple.product-type.application";
		};
		EC0518A41B20E7AC00FA6DA4 /* CinneTests */ = {
			isa = PBXNativeTarget;
			buildConfigurationList = EC0518B21B20E7AC00FA6DA4 /* Build configuration list for PBXNativeTarget "CinneTests" */;
			buildPhases = (
				EC0518A11B20E7AC00FA6DA4 /* Sources */,
				EC0518A21B20E7AC00FA6DA4 /* Frameworks */,
				EC0518A31B20E7AC00FA6DA4 /* Resources */,
			);
			buildRules = (
			);
			dependencies = (
				EC0518A71B20E7AC00FA6DA4 /* PBXTargetDependency */,
			);
			name = CinneTests;
			productName = CinneTests;
			productReference = EC0518A51B20E7AC00FA6DA4 /* CinneTests.xctest */;
			productType = "com.apple.product-type.bundle.unit-test";
		};
/* End PBXNativeTarget section */

/* Begin PBXProject section */
		EC0518851B20E7AC00FA6DA4 /* Project object */ = {
			isa = PBXProject;
			attributes = {
				LastUpgradeCheck = 0630;
				ORGANIZATIONNAME = 7pixels;
				TargetAttributes = {
					EC05188C1B20E7AC00FA6DA4 = {
						CreatedOnToolsVersion = 6.3.1;
						DevelopmentTeam = 2WJWP9G2CS;
					};
					EC0518A41B20E7AC00FA6DA4 = {
						CreatedOnToolsVersion = 6.3.1;
						TestTargetID = EC05188C1B20E7AC00FA6DA4;
					};
				};
			};
			buildConfigurationList = EC0518881B20E7AC00FA6DA4 /* Build configuration list for PBXProject "Cinne" */;
			compatibilityVersion = "Xcode 3.2";
			developmentRegion = English;
			hasScannedForEncodings = 0;
			knownRegions = (
				en,
				Base,
			);
			mainGroup = EC0518841B20E7AC00FA6DA4;
			productRefGroup = EC05188E1B20E7AC00FA6DA4 /* Products */;
			projectDirPath = "";
			projectRoot = "";
			targets = (
				EC05188C1B20E7AC00FA6DA4 /* Cinne */,
				EC0518A41B20E7AC00FA6DA4 /* CinneTests */,
			);
		};
/* End PBXProject section */

/* Begin PBXResourcesBuildPhase section */
		EC05188B1B20E7AC00FA6DA4 /* Resources */ = {
			isa = PBXResourcesBuildPhase;
			buildActionMask = 2147483647;
			files = (
				EC07CD521B4B8B8D0074654F /* Main.storyboard in Resources */,
				EC07CD531B4B8B8D0074654F /* LaunchScreen.xib in Resources */,
				EC353F921B471D98000A34C5 /* the-theory-of-everything.png in Resources */,
				EC05189D1B20E7AC00FA6DA4 /* Images.xcassets in Resources */,
			);
			runOnlyForDeploymentPostprocessing = 0;
		};
		EC0518A31B20E7AC00FA6DA4 /* Resources */ = {
			isa = PBXResourcesBuildPhase;
			buildActionMask = 2147483647;
			files = (
			);
			runOnlyForDeploymentPostprocessing = 0;
		};
/* End PBXResourcesBuildPhase section */

/* Begin PBXSourcesBuildPhase section */
		EC0518891B20E7AC00FA6DA4 /* Sources */ = {
			isa = PBXSourcesBuildPhase;
			buildActionMask = 2147483647;
			files = (
				EC0518931B20E7AC00FA6DA4 /* AppDelegate.swift in Sources */,
				EC07CD551B4B8F090074654F /* TheaterTableViewCell.swift in Sources */,
				EC0518961B20E7AC00FA6DA4 /* Cinne.xcdatamodeld in Sources */,
				EC07CD511B4B89D50074654F /* PosterCollectionViewCell.swift in Sources */,
				EC07CD4F1B4B89180074654F /* NearestTheaterTableViewCell.swift in Sources */,
				EC07CD4E1B4B89180074654F /* NearbyTableViewController.swift in Sources */,
			);
			runOnlyForDeploymentPostprocessing = 0;
		};
		EC0518A11B20E7AC00FA6DA4 /* Sources */ = {
			isa = PBXSourcesBuildPhase;
			buildActionMask = 2147483647;
			files = (
				EC0518AC1B20E7AC00FA6DA4 /* CinneTests.swift in Sources */,
			);
			runOnlyForDeploymentPostprocessing = 0;
		};
/* End PBXSourcesBuildPhase section */

/* Begin PBXTargetDependency section */
		EC0518A71B20E7AC00FA6DA4 /* PBXTargetDependency */ = {
			isa = PBXTargetDependency;
			target = EC05188C1B20E7AC00FA6DA4 /* Cinne */;
			targetProxy = EC0518A61B20E7AC00FA6DA4 /* PBXContainerItemProxy */;
		};
/* End PBXTargetDependency section */

/* Begin PBXVariantGroup section */
		EC0518991B20E7AC00FA6DA4 /* Main.storyboard */ = {
			isa = PBXVariantGroup;
			children = (
				EC05189A1B20E7AC00FA6DA4 /* Base */,
			);
			name = Main.storyboard;
			sourceTree = "<group>";
		};
		EC05189E1B20E7AC00FA6DA4 /* LaunchScreen.xib */ = {
			isa = PBXVariantGroup;
			children = (
				EC05189F1B20E7AC00FA6DA4 /* Base */,
			);
			name = LaunchScreen.xib;
			sourceTree = "<group>";
		};
/* End PBXVariantGroup section */

/* Begin XCBuildConfiguration section */
		EC0518AD1B20E7AC00FA6DA4 /* Debug */ = {
			isa = XCBuildConfiguration;
			buildSettings = {
				ALWAYS_SEARCH_USER_PATHS = NO;
				CLANG_CXX_LANGUAGE_STANDARD = "gnu++0x";
				CLANG_CXX_LIBRARY = "libc++";
				CLANG_ENABLE_MODULES = YES;
				CLANG_ENABLE_OBJC_ARC = YES;
				CLANG_WARN_BOOL_CONVERSION = YES;
				CLANG_WARN_CONSTANT_CONVERSION = YES;
				CLANG_WARN_DIRECT_OBJC_ISA_USAGE = YES_ERROR;
				CLANG_WARN_EMPTY_BODY = YES;
				CLANG_WARN_ENUM_CONVERSION = YES;
				CLANG_WARN_INT_CONVERSION = YES;
				CLANG_WARN_OBJC_ROOT_CLASS = YES_ERROR;
				CLANG_WARN_UNREACHABLE_CODE = YES;
				CLANG_WARN__DUPLICATE_METHOD_MATCH = YES;
				"CODE_SIGN_IDENTITY[sdk=iphoneos*]" = "iPhone Developer";
				COPY_PHASE_STRIP = NO;
				DEBUG_INFORMATION_FORMAT = "dwarf-with-dsym";
				ENABLE_STRICT_OBJC_MSGSEND = YES;
				GCC_C_LANGUAGE_STANDARD = gnu99;
				GCC_DYNAMIC_NO_PIC = NO;
				GCC_NO_COMMON_BLOCKS = YES;
				GCC_OPTIMIZATION_LEVEL = 0;
				GCC_PREPROCESSOR_DEFINITIONS = (
					"DEBUG=1",
					"$(inherited)",
				);
				GCC_SYMBOLS_PRIVATE_EXTERN = NO;
				GCC_WARN_64_TO_32_BIT_CONVERSION = YES;
				GCC_WARN_ABOUT_RETURN_TYPE = YES_ERROR;
				GCC_WARN_UNDECLARED_SELECTOR = YES;
				GCC_WARN_UNINITIALIZED_AUTOS = YES_AGGRESSIVE;
				GCC_WARN_UNUSED_FUNCTION = YES;
				GCC_WARN_UNUSED_VARIABLE = YES;
				IPHONEOS_DEPLOYMENT_TARGET = 8.3;
				MTL_ENABLE_DEBUG_INFO = YES;
				ONLY_ACTIVE_ARCH = YES;
				SDKROOT = iphoneos;
				SWIFT_OPTIMIZATION_LEVEL = "-Onone";
			};
			name = Debug;
		};
		EC0518AE1B20E7AC00FA6DA4 /* Release */ = {
			isa = XCBuildConfiguration;
			buildSettings = {
				ALWAYS_SEARCH_USER_PATHS = NO;
				CLANG_CXX_LANGUAGE_STANDARD = "gnu++0x";
				CLANG_CXX_LIBRARY = "libc++";
				CLANG_ENABLE_MODULES = YES;
				CLANG_ENABLE_OBJC_ARC = YES;
				CLANG_WARN_BOOL_CONVERSION = YES;
				CLANG_WARN_CONSTANT_CONVERSION = YES;
				CLANG_WARN_DIRECT_OBJC_ISA_USAGE = YES_ERROR;
				CLANG_WARN_EMPTY_BODY = YES;
				CLANG_WARN_ENUM_CONVERSION = YES;
				CLANG_WARN_INT_CONVERSION = YES;
				CLANG_WARN_OBJC_ROOT_CLASS = YES_ERROR;
				CLANG_WARN_UNREACHABLE_CODE = YES;
				CLANG_WARN__DUPLICATE_METHOD_MATCH = YES;
				"CODE_SIGN_IDENTITY[sdk=iphoneos*]" = "iPhone Developer";
				COPY_PHASE_STRIP = NO;
				DEBUG_INFORMATION_FORMAT = "dwarf-with-dsym";
				ENABLE_NS_ASSERTIONS = NO;
				ENABLE_STRICT_OBJC_MSGSEND = YES;
				GCC_C_LANGUAGE_STANDARD = gnu99;
				GCC_NO_COMMON_BLOCKS = YES;
				GCC_WARN_64_TO_32_BIT_CONVERSION = YES;
				GCC_WARN_ABOUT_RETURN_TYPE = YES_ERROR;
				GCC_WARN_UNDECLARED_SELECTOR = YES;
				GCC_WARN_UNINITIALIZED_AUTOS = YES_AGGRESSIVE;
				GCC_WARN_UNUSED_FUNCTION = YES;
				GCC_WARN_UNUSED_VARIABLE = YES;
				IPHONEOS_DEPLOYMENT_TARGET = 8.3;
				MTL_ENABLE_DEBUG_INFO = NO;
				SDKROOT = iphoneos;
				VALIDATE_PRODUCT = YES;
			};
			name = Release;
		};
		EC0518B01B20E7AC00FA6DA4 /* Debug */ = {
			isa = XCBuildConfiguration;
			buildSettings = {
				ASSETCATALOG_COMPILER_APPICON_NAME = AppIcon;
				CODE_SIGN_IDENTITY = "iPhone Developer";
				INFOPLIST_FILE = Cinne/Info.plist;
				LD_RUNPATH_SEARCH_PATHS = "$(inherited) @executable_path/Frameworks";
				PRODUCT_NAME = "$(TARGET_NAME)";
			};
			name = Debug;
		};
		EC0518B11B20E7AC00FA6DA4 /* Release */ = {
			isa = XCBuildConfiguration;
			buildSettings = {
				ASSETCATALOG_COMPILER_APPICON_NAME = AppIcon;
				CODE_SIGN_IDENTITY = "iPhone Developer";
				INFOPLIST_FILE = Cinne/Info.plist;
				LD_RUNPATH_SEARCH_PATHS = "$(inherited) @executable_path/Frameworks";
				PRODUCT_NAME = "$(TARGET_NAME)";
			};
			name = Release;
		};
		EC0518B31B20E7AC00FA6DA4 /* Debug */ = {
			isa = XCBuildConfiguration;
			buildSettings = {
				BUNDLE_LOADER = "$(TEST_HOST)";
				FRAMEWORK_SEARCH_PATHS = (
					"$(SDKROOT)/Developer/Library/Frameworks",
					"$(inherited)",
				);
				GCC_PREPROCESSOR_DEFINITIONS = (
					"DEBUG=1",
					"$(inherited)",
				);
				INFOPLIST_FILE = CinneTests/Info.plist;
				LD_RUNPATH_SEARCH_PATHS = "$(inherited) @executable_path/Frameworks @loader_path/Frameworks";
				PRODUCT_NAME = "$(TARGET_NAME)";
				TEST_HOST = "$(BUILT_PRODUCTS_DIR)/Cinne.app/Cinne";
			};
			name = Debug;
		};
		EC0518B41B20E7AC00FA6DA4 /* Release */ = {
			isa = XCBuildConfiguration;
			buildSettings = {
				BUNDLE_LOADER = "$(TEST_HOST)";
				FRAMEWORK_SEARCH_PATHS = (
					"$(SDKROOT)/Developer/Library/Frameworks",
					"$(inherited)",
				);
				INFOPLIST_FILE = CinneTests/Info.plist;
				LD_RUNPATH_SEARCH_PATHS = "$(inherited) @executable_path/Frameworks @loader_path/Frameworks";
				PRODUCT_NAME = "$(TARGET_NAME)";
				TEST_HOST = "$(BUILT_PRODUCTS_DIR)/Cinne.app/Cinne";
			};
			name = Release;
		};
/* End XCBuildConfiguration section */

/* Begin XCConfigurationList section */
		EC0518881B20E7AC00FA6DA4 /* Build configuration list for PBXProject "Cinne" */ = {
			isa = XCConfigurationList;
			buildConfigurations = (
				EC0518AD1B20E7AC00FA6DA4 /* Debug */,
				EC0518AE1B20E7AC00FA6DA4 /* Release */,
			);
			defaultConfigurationIsVisible = 0;
			defaultConfigurationName = Release;
		};
		EC0518AF1B20E7AC00FA6DA4 /* Build configuration list for PBXNativeTarget "Cinne" */ = {
			isa = XCConfigurationList;
			buildConfigurations = (
				EC0518B01B20E7AC00FA6DA4 /* Debug */,
				EC0518B11B20E7AC00FA6DA4 /* Release */,
			);
			defaultConfigurationIsVisible = 0;
			defaultConfigurationName = Release;
		};
		EC0518B21B20E7AC00FA6DA4 /* Build configuration list for PBXNativeTarget "CinneTests" */ = {
			isa = XCConfigurationList;
			buildConfigurations = (
				EC0518B31B20E7AC00FA6DA4 /* Debug */,
				EC0518B41B20E7AC00FA6DA4 /* Release */,
			);
			defaultConfigurationIsVisible = 0;
			defaultConfigurationName = Release;
		};
/* End XCConfigurationList section */

/* Begin XCVersionGroup section */
		EC0518941B20E7AC00FA6DA4 /* Cinne.xcdatamodeld */ = {
			isa = XCVersionGroup;
			children = (
				EC0518951B20E7AC00FA6DA4 /* Cinne.xcdatamodel */,
			);
			currentVersion = EC0518951B20E7AC00FA6DA4 /* Cinne.xcdatamodel */;
			path = Cinne.xcdatamodeld;
			sourceTree = "<group>";
			versionGroupType = wrapper.xcdatamodel;
		};
/* End XCVersionGroup section */
	};
	rootObject = EC0518851B20E7AC00FA6DA4 /* Project object */;
}
